
Microsoft Visual Studio Solution File, Format Version 12.00
# Visual Studio Version 16
VisualStudioVersion = 16.0.32413.511
MinimumVisualStudioVersion = 10.0.40219.1
Project("{FAE04EC0-301F-11D3-BF4B-00C04F79EFBC}") = "Infrastructure", "Infrastructure\Infrastructure.csproj", "{9334943B-46E9-4A21-9EBC-6CC5A381208F}"
EndProject
Project("{FAE04EC0-301F-11D3-BF4B-00C04F79EFBC}") = "VektorelMVCProject", "VektorelMVCProject\VektorelMVCProject.csproj", "{B678F696-25F5-4E86-B3DF-7012BD53540C}"
	ProjectSection(ProjectDependencies) = postProject
		{9334943B-46E9-4A21-9EBC-6CC5A381208F} = {9334943B-46E9-4A21-9EBC-6CC5A381208F}
	EndProjectSection
EndProject
Global
	GlobalSection(SolutionConfigurationPlatforms) = preSolution
		Debug|Any CPU = Debug|Any CPU
		Release|Any CPU = Release|Any CPU
	EndGlobalSection
	GlobalSection(ProjectConfigurationPlatforms) = postSolution
		{9334943B-46E9-4A21-9EBC-6CC5A381208F}.Debug|Any CPU.ActiveCfg = Debug|Any CPU
		{9334943B-46E9-4A21-9EBC-6CC5A381208F}.Debug|Any CPU.Build.0 = Debug|Any CPU
		{9334943B-46E9-4A21-9EBC-6CC5A381208F}.Release|Any CPU.ActiveCfg = Release|Any CPU
		{9334943B-46E9-4A21-9EBC-6CC5A381208F}.Release|Any CPU.Build.0 = Release|Any CPU
		{B678F696-25F5-4E86-B3DF-7012BD53540C}.Debug|Any CPU.ActiveCfg = Debug|Any CPU
		{B678F696-25F5-4E86-B3DF-7012BD53540C}.Debug|Any CPU.Build.0 = Debug|Any CPU
		{B678F696-25F5-4E86-B3DF-7012BD53540C}.Release|Any CPU.ActiveCfg = Release|Any CPU
		{B678F696-25F5-4E86-B3DF-7012BD53540C}.Release|Any CPU.Build.0 = Release|Any CPU
	EndGlobalSection
	GlobalSection(SolutionProperties) = preSolution
		HideSolutionNode = FALSE
	EndGlobalSection
	GlobalSection(ExtensibilityGlobals) = postSolution
		SolutionGuid = {33922D49-344C-42AB-A971-96A96BEFB85C}
	EndGlobalSection
EndGlobal
